// !$*UTF8*$!
{
	archiveVersion = 1;
	classes = {
	};
	objectVersion = 55;
	objects = {

/* Begin PBXBuildFile section */
		2A28183C2834F18E0029FFA2 /* UserListCell.swift in Sources */ = {isa = PBXBuildFile; fileRef = 2A28183B2834F18E0029FFA2 /* UserListCell.swift */; };
		2A28183E283526CF0029FFA2 /* UserLoginPageView.swift in Sources */ = {isa = PBXBuildFile; fileRef = 2A28183D283526CF0029FFA2 /* UserLoginPageView.swift */; };
		2A281842283527350029FFA2 /* AdminLoginPageView.swift in Sources */ = {isa = PBXBuildFile; fileRef = 2A281841283527350029FFA2 /* AdminLoginPageView.swift */; };
		2A2818452835275A0029FFA2 /* StaffLoginPageView.swift in Sources */ = {isa = PBXBuildFile; fileRef = 2A2818442835275A0029FFA2 /* StaffLoginPageView.swift */; };
		A3FEC0C628343670002CC045 /* AppDelegate.swift in Sources */ = {isa = PBXBuildFile; fileRef = A3FEC0C528343670002CC045 /* AppDelegate.swift */; };
		A3FEC0C828343670002CC045 /* SceneDelegate.swift in Sources */ = {isa = PBXBuildFile; fileRef = A3FEC0C728343670002CC045 /* SceneDelegate.swift */; };
		A3FEC0CA28343670002CC045 /* ViewController.swift in Sources */ = {isa = PBXBuildFile; fileRef = A3FEC0C928343670002CC045 /* ViewController.swift */; };
		A3FEC0CD28343670002CC045 /* Main.storyboard in Resources */ = {isa = PBXBuildFile; fileRef = A3FEC0CB28343670002CC045 /* Main.storyboard */; };
		A3FEC0CF28343671002CC045 /* Assets.xcassets in Resources */ = {isa = PBXBuildFile; fileRef = A3FEC0CE28343671002CC045 /* Assets.xcassets */; };
		A3FEC0D228343671002CC045 /* LaunchScreen.storyboard in Resources */ = {isa = PBXBuildFile; fileRef = A3FEC0D028343671002CC045 /* LaunchScreen.storyboard */; };
/* End PBXBuildFile section */

/* Begin PBXFileReference section */
		2A28183B2834F18E0029FFA2 /* UserListCell.swift */ = {isa = PBXFileReference; lastKnownFileType = sourcecode.swift; path = UserListCell.swift; sourceTree = "<group>"; };
		2A28183D283526CF0029FFA2 /* UserLoginPageView.swift */ = {isa = PBXFileReference; lastKnownFileType = sourcecode.swift; path = UserLoginPageView.swift; sourceTree = "<group>"; };
		2A281841283527350029FFA2 /* AdminLoginPageView.swift */ = {isa = PBXFileReference; lastKnownFileType = sourcecode.swift; path = AdminLoginPageView.swift; sourceTree = "<group>"; };
		2A2818442835275A0029FFA2 /* StaffLoginPageView.swift */ = {isa = PBXFileReference; lastKnownFileType = sourcecode.swift; path = StaffLoginPageView.swift; sourceTree = "<group>"; };
		A3FEC0C228343670002CC045 /* Medify.app */ = {isa = PBXFileReference; explicitFileType = wrapper.application; includeInIndex = 0; path = Medify.app; sourceTree = BUILT_PRODUCTS_DIR; };
		A3FEC0C528343670002CC045 /* AppDelegate.swift */ = {isa = PBXFileReference; lastKnownFileType = sourcecode.swift; path = AppDelegate.swift; sourceTree = "<group>"; };
		A3FEC0C728343670002CC045 /* SceneDelegate.swift */ = {isa = PBXFileReference; lastKnownFileType = sourcecode.swift; path = SceneDelegate.swift; sourceTree = "<group>"; };
		A3FEC0C928343670002CC045 /* ViewController.swift */ = {isa = PBXFileReference; lastKnownFileType = sourcecode.swift; path = ViewController.swift; sourceTree = "<group>"; };
		A3FEC0CC28343670002CC045 /* Base */ = {isa = PBXFileReference; lastKnownFileType = file.storyboard; name = Base; path = Base.lproj/Main.storyboard; sourceTree = "<group>"; };
		A3FEC0CE28343671002CC045 /* Assets.xcassets */ = {isa = PBXFileReference; lastKnownFileType = folder.assetcatalog; path = Assets.xcassets; sourceTree = "<group>"; };
		A3FEC0D128343671002CC045 /* Base */ = {isa = PBXFileReference; lastKnownFileType = file.storyboard; name = Base; path = Base.lproj/LaunchScreen.storyboard; sourceTree = "<group>"; };
		A3FEC0D328343671002CC045 /* Info.plist */ = {isa = PBXFileReference; lastKnownFileType = text.plist.xml; path = Info.plist; sourceTree = "<group>"; };
/* End PBXFileReference section */

/* Begin PBXFrameworksBuildPhase section */
		A3FEC0BF28343670002CC045 /* Frameworks */ = {
			isa = PBXFrameworksBuildPhase;
			buildActionMask = 2147483647;
			files = (
			);
			runOnlyForDeploymentPostprocessing = 0;
		};
/* End PBXFrameworksBuildPhase section */

/* Begin PBXGroup section */
		2A28183F283526DA0029FFA2 /* View */ = {
			isa = PBXGroup;
			children = (
				A3FEC0CB28343670002CC045 /* Main.storyboard */,
			);
			path = View;
			sourceTree = "<group>";
		};
		2A281840283526E60029FFA2 /* Controller */ = {
			isa = PBXGroup;
			children = (
				A3FEC0C928343670002CC045 /* ViewController.swift */,
				2A28183B2834F18E0029FFA2 /* UserListCell.swift */,
				2A28183D283526CF0029FFA2 /* UserLoginPageView.swift */,
				2A281841283527350029FFA2 /* AdminLoginPageView.swift */,
				2A2818442835275A0029FFA2 /* StaffLoginPageView.swift */,
			);
			path = Controller;
			sourceTree = "<group>";
		};
		2A281846283527730029FFA2 /* Launch Screen */ = {
			isa = PBXGroup;
			children = (
				A3FEC0D028343671002CC045 /* LaunchScreen.storyboard */,
				A3FEC0C728343670002CC045 /* SceneDelegate.swift */,
				A3FEC0C528343670002CC045 /* AppDelegate.swift */,
			);
			path = "Launch Screen";
			sourceTree = "<group>";
		};
		2A2818472835278C0029FFA2 /* Other Support */ = {
			isa = PBXGroup;
			children = (
				A3FEC0CE28343671002CC045 /* Assets.xcassets */,
				A3FEC0D328343671002CC045 /* Info.plist */,
			);
			path = "Other Support";
			sourceTree = "<group>";
		};
		A3FEC0B928343670002CC045 = {
			isa = PBXGroup;
			children = (
				A3FEC0C428343670002CC045 /* Medify */,
				A3FEC0C328343670002CC045 /* Products */,
			);
			sourceTree = "<group>";
		};
		A3FEC0C328343670002CC045 /* Products */ = {
			isa = PBXGroup;
			children = (
				A3FEC0C228343670002CC045 /* Medify.app */,
			);
			name = Products;
			sourceTree = "<group>";
		};
		A3FEC0C428343670002CC045 /* Medify */ = {
			isa = PBXGroup;
			children = (
				2A281846283527730029FFA2 /* Launch Screen */,
				2A28183F283526DA0029FFA2 /* View */,
				2A281840283526E60029FFA2 /* Controller */,
				2A2818472835278C0029FFA2 /* Other Support */,
			);
			path = Medify;
			sourceTree = "<group>";
		};
/* End PBXGroup section */

/* Begin PBXNativeTarget section */
		A3FEC0C128343670002CC045 /* Medify */ = {
			isa = PBXNativeTarget;
			buildConfigurationList = A3FEC0D628343671002CC045 /* Build configuration list for PBXNativeTarget "Medify" */;
			buildPhases = (
				A3FEC0BE28343670002CC045 /* Sources */,
				A3FEC0BF28343670002CC045 /* Frameworks */,
				A3FEC0C028343670002CC045 /* Resources */,
			);
			buildRules = (
			);
			dependencies = (
			);
			name = Medify;
			productName = Medify;
			productReference = A3FEC0C228343670002CC045 /* Medify.app */;
			productType = "com.apple.product-type.application";
		};
/* End PBXNativeTarget section */

/* Begin PBXProject section */
		A3FEC0BA28343670002CC045 /* Project object */ = {
			isa = PBXProject;
			attributes = {
				BuildIndependentTargetsInParallel = 1;
				LastSwiftUpdateCheck = 1330;
				LastUpgradeCheck = 1330;
				TargetAttributes = {
					A3FEC0C128343670002CC045 = {
						CreatedOnToolsVersion = 13.3.1;
					};
				};
			};
			buildConfigurationList = A3FEC0BD28343670002CC045 /* Build configuration list for PBXProject "Medify" */;
			compatibilityVersion = "Xcode 13.0";
			developmentRegion = en;
			hasScannedForEncodings = 0;
			knownRegions = (
				en,
				Base,
			);
			mainGroup = A3FEC0B928343670002CC045;
			productRefGroup = A3FEC0C328343670002CC045 /* Products */;
			projectDirPath = "";
			projectRoot = "";
			targets = (
				A3FEC0C128343670002CC045 /* Medify */,
			);
		};
/* End PBXProject section */

/* Begin PBXResourcesBuildPhase section */
		A3FEC0C028343670002CC045 /* Resources */ = {
			isa = PBXResourcesBuildPhase;
			buildActionMask = 2147483647;
			files = (
				A3FEC0D228343671002CC045 /* LaunchScreen.storyboard in Resources */,
				A3FEC0CF28343671002CC045 /* Assets.xcassets in Resources */,
				A3FEC0CD28343670002CC045 /* Main.storyboard in Resources */,
			);
			runOnlyForDeploymentPostprocessing = 0;
		};
/* End PBXResourcesBuildPhase section */

/* Begin PBXSourcesBuildPhase section */
		A3FEC0BE28343670002CC045 /* Sources */ = {
			isa = PBXSourcesBuildPhase;
			buildActionMask = 2147483647;
			files = (
				2A2818452835275A0029FFA2 /* StaffLoginPageView.swift in Sources */,
				2A28183E283526CF0029FFA2 /* UserLoginPageView.swift in Sources */,
				2A28183C2834F18E0029FFA2 /* UserListCell.swift in Sources */,
				A3FEC0CA28343670002CC045 /* ViewController.swift in Sources */,
				A3FEC0C628343670002CC045 /* AppDelegate.swift in Sources */,
				A3FEC0C828343670002CC045 /* SceneDelegate.swift in Sources */,
				2A281842283527350029FFA2 /* AdminLoginPageView.swift in Sources */,
			);
			runOnlyForDeploymentPostprocessing = 0;
		};
/* End PBXSourcesBuildPhase section */

/* Begin PBXVariantGroup section */
		A3FEC0CB28343670002CC045 /* Main.storyboard */ = {
			isa = PBXVariantGroup;
			children = (
				A3FEC0CC28343670002CC045 /* Base */,
			);
			name = Main.storyboard;
			sourceTree = "<group>";
		};
		A3FEC0D028343671002CC045 /* LaunchScreen.storyboard */ = {
			isa = PBXVariantGroup;
			children = (
				A3FEC0D128343671002CC045 /* Base */,
			);
			name = LaunchScreen.storyboard;
			sourceTree = "<group>";
		};
/* End PBXVariantGroup section */

/* Begin XCBuildConfiguration section */
		A3FEC0D428343671002CC045 /* Debug */ = {
			isa = XCBuildConfiguration;
			buildSettings = {
				ALWAYS_SEARCH_USER_PATHS = NO;
				CLANG_ANALYZER_NONNULL = YES;
				CLANG_ANALYZER_NUMBER_OBJECT_CONVERSION = YES_AGGRESSIVE;
				CLANG_CXX_LANGUAGE_STANDARD = "gnu++17";
				CLANG_ENABLE_MODULES = YES;
				CLANG_ENABLE_OBJC_ARC = YES;
				CLANG_ENABLE_OBJC_WEAK = YES;
				CLANG_WARN_BLOCK_CAPTURE_AUTORELEASING = YES;
				CLANG_WARN_BOOL_CONVERSION = YES;
				CLANG_WARN_COMMA = YES;
				CLANG_WARN_CONSTANT_CONVERSION = YES;
				CLANG_WARN_DEPRECATED_OBJC_IMPLEMENTATIONS = YES;
				CLANG_WARN_DIRECT_OBJC_ISA_USAGE = YES_ERROR;
				CLANG_WARN_DOCUMENTATION_COMMENTS = YES;
				CLANG_WARN_EMPTY_BODY = YES;
				CLANG_WARN_ENUM_CONVERSION = YES;
				CLANG_WARN_INFINITE_RECURSION = YES;
				CLANG_WARN_INT_CONVERSION = YES;
				CLANG_WARN_NON_LITERAL_NULL_CONVERSION = YES;
				CLANG_WARN_OBJC_IMPLICIT_RETAIN_SELF = YES;
				CLANG_WARN_OBJC_LITERAL_CONVERSION = YES;
				CLANG_WARN_OBJC_ROOT_CLASS = YES_ERROR;
				CLANG_WARN_QUOTED_INCLUDE_IN_FRAMEWORK_HEADER = YES;
				CLANG_WARN_RANGE_LOOP_ANALYSIS = YES;
				CLANG_WARN_STRICT_PROTOTYPES = YES;
				CLANG_WARN_SUSPICIOUS_MOVE = YES;
				CLANG_WARN_UNGUARDED_AVAILABILITY = YES_AGGRESSIVE;
				CLANG_WARN_UNREACHABLE_CODE = YES;
				CLANG_WARN__DUPLICATE_METHOD_MATCH = YES;
				COPY_PHASE_STRIP = NO;
				DEBUG_INFORMATION_FORMAT = dwarf;
				ENABLE_STRICT_OBJC_MSGSEND = YES;
				ENABLE_TESTABILITY = YES;
				GCC_C_LANGUAGE_STANDARD = gnu11;
				GCC_DYNAMIC_NO_PIC = NO;
				GCC_NO_COMMON_BLOCKS = YES;
				GCC_OPTIMIZATION_LEVEL = 0;
				GCC_PREPROCESSOR_DEFINITIONS = (
					"DEBUG=1",
					"$(inherited)",
				);
				GCC_WARN_64_TO_32_BIT_CONVERSION = YES;
				GCC_WARN_ABOUT_RETURN_TYPE = YES_ERROR;
				GCC_WARN_UNDECLARED_SELECTOR = YES;
				GCC_WARN_UNINITIALIZED_AUTOS = YES_AGGRESSIVE;
				GCC_WARN_UNUSED_FUNCTION = YES;
				GCC_WARN_UNUSED_VARIABLE = YES;
				IPHONEOS_DEPLOYMENT_TARGET = 15.4;
				MTL_ENABLE_DEBUG_INFO = INCLUDE_SOURCE;
				MTL_FAST_MATH = YES;
				ONLY_ACTIVE_ARCH = YES;
				SDKROOT = iphoneos;
				SWIFT_ACTIVE_COMPILATION_CONDITIONS = DEBUG;
				SWIFT_OPTIMIZATION_LEVEL = "-Onone";
			};
			name = Debug;
		};
		A3FEC0D528343671002CC045 /* Release */ = {
			isa = XCBuildConfiguration;
			buildSettings = {
				ALWAYS_SEARCH_USER_PATHS = NO;
				CLANG_ANALYZER_NONNULL = YES;
				CLANG_ANALYZER_NUMBER_OBJECT_CONVERSION = YES_AGGRESSIVE;
				CLANG_CXX_LANGUAGE_STANDARD = "gnu++17";
				CLANG_ENABLE_MODULES = YES;
				CLANG_ENABLE_OBJC_ARC = YES;
				CLANG_ENABLE_OBJC_WEAK = YES;
				CLANG_WARN_BLOCK_CAPTURE_AUTORELEASING = YES;
				CLANG_WARN_BOOL_CONVERSION = YES;
				CLANG_WARN_COMMA = YES;
				CLANG_WARN_CONSTANT_CONVERSION = YES;
				CLANG_WARN_DEPRECATED_OBJC_IMPLEMENTATIONS = YES;
				CLANG_WARN_DIRECT_OBJC_ISA_USAGE = YES_ERROR;
				CLANG_WARN_DOCUMENTATION_COMMENTS = YES;
				CLANG_WARN_EMPTY_BODY = YES;
				CLANG_WARN_ENUM_CONVERSION = YES;
				CLANG_WARN_INFINITE_RECURSION = YES;
				CLANG_WARN_INT_CONVERSION = YES;
				CLANG_WARN_NON_LITERAL_NULL_CONVERSION = YES;
				CLANG_WARN_OBJC_IMPLICIT_RETAIN_SELF = YES;
				CLANG_WARN_OBJC_LITERAL_CONVERSION = YES;
				CLANG_WARN_OBJC_ROOT_CLASS = YES_ERROR;
				CLANG_WARN_QUOTED_INCLUDE_IN_FRAMEWORK_HEADER = YES;
				CLANG_WARN_RANGE_LOOP_ANALYSIS = YES;
				CLANG_WARN_STRICT_PROTOTYPES = YES;
				CLANG_WARN_SUSPICIOUS_MOVE = YES;
				CLANG_WARN_UNGUARDED_AVAILABILITY = YES_AGGRESSIVE;
				CLANG_WARN_UNREACHABLE_CODE = YES;
				CLANG_WARN__DUPLICATE_METHOD_MATCH = YES;
				COPY_PHASE_STRIP = NO;
				DEBUG_INFORMATION_FORMAT = "dwarf-with-dsym";
				ENABLE_NS_ASSERTIONS = NO;
				ENABLE_STRICT_OBJC_MSGSEND = YES;
				GCC_C_LANGUAGE_STANDARD = gnu11;
				GCC_NO_COMMON_BLOCKS = YES;
				GCC_WARN_64_TO_32_BIT_CONVERSION = YES;
				GCC_WARN_ABOUT_RETURN_TYPE = YES_ERROR;
				GCC_WARN_UNDECLARED_SELECTOR = YES;
				GCC_WARN_UNINITIALIZED_AUTOS = YES_AGGRESSIVE;
				GCC_WARN_UNUSED_FUNCTION = YES;
				GCC_WARN_UNUSED_VARIABLE = YES;
				IPHONEOS_DEPLOYMENT_TARGET = 15.4;
				MTL_ENABLE_DEBUG_INFO = NO;
				MTL_FAST_MATH = YES;
				SDKROOT = iphoneos;
				SWIFT_COMPILATION_MODE = wholemodule;
				SWIFT_OPTIMIZATION_LEVEL = "-O";
				VALIDATE_PRODUCT = YES;
			};
			name = Release;
		};
		A3FEC0D728343671002CC045 /* Debug */ = {
			isa = XCBuildConfiguration;
			buildSettings = {
				ASSETCATALOG_COMPILER_APPICON_NAME = AppIcon;
				ASSETCATALOG_COMPILER_GLOBAL_ACCENT_COLOR_NAME = AccentColor;
				CODE_SIGN_STYLE = Automatic;
				CURRENT_PROJECT_VERSION = 1;
				DEVELOPMENT_TEAM = K37RDVZ7V7;
				GENERATE_INFOPLIST_FILE = YES;
				INFOPLIST_FILE = Medify/Info.plist;
				INFOPLIST_KEY_UIApplicationSupportsIndirectInputEvents = YES;
				INFOPLIST_KEY_UILaunchStoryboardName = LaunchScreen;
				INFOPLIST_KEY_UIMainStoryboardFile = Main;
				INFOPLIST_KEY_UISupportedInterfaceOrientations_iPad = "UIInterfaceOrientationPortrait UIInterfaceOrientationPortraitUpsideDown UIInterfaceOrientationLandscapeLeft UIInterfaceOrientationLandscapeRight";
				INFOPLIST_KEY_UISupportedInterfaceOrientations_iPhone = "UIInterfaceOrientationPortrait UIInterfaceOrientationLandscapeLeft UIInterfaceOrientationLandscapeRight";
				LD_RUNPATH_SEARCH_PATHS = (
					"$(inherited)",
					"@executable_path/Frameworks",
				);
				MARKETING_VERSION = 1.0;
				PRODUCT_BUNDLE_IDENTIFIER = com.satyabrata.Medify;
				PRODUCT_NAME = "$(TARGET_NAME)";
				SWIFT_EMIT_LOC_STRINGS = YES;
				SWIFT_VERSION = 5.0;
				TARGETED_DEVICE_FAMILY = "1,2";
			};
			name = Debug;
		};
		A3FEC0D828343671002CC045 /* Release */ = {
			isa = XCBuildConfiguration;
			buildSettings = {
				ASSETCATALOG_COMPILER_APPICON_NAME = AppIcon;
				ASSETCATALOG_COMPILER_GLOBAL_ACCENT_COLOR_NAME = AccentColor;
				CODE_SIGN_STYLE = Automatic;
				CURRENT_PROJECT_VERSION = 1;
				DEVELOPMENT_TEAM = K37RDVZ7V7;
				GENERATE_INFOPLIST_FILE = YES;
				INFOPLIST_FILE = Medify/Info.plist;
				INFOPLIST_KEY_UIApplicationSupportsIndirectInputEvents = YES;
				INFOPLIST_KEY_UILaunchStoryboardName = LaunchScreen;
				INFOPLIST_KEY_UIMainStoryboardFile = Main;
				INFOPLIST_KEY_UISupportedInterfaceOrientations_iPad = "UIInterfaceOrientationPortrait UIInterfaceOrientationPortraitUpsideDown UIInterfaceOrientationLandscapeLeft UIInterfaceOrientationLandscapeRight";
				INFOPLIST_KEY_UISupportedInterfaceOrientations_iPhone = "UIInterfaceOrientationPortrait UIInterfaceOrientationLandscapeLeft UIInterfaceOrientationLandscapeRight";
				LD_RUNPATH_SEARCH_PATHS = (
					"$(inherited)",
					"@executable_path/Frameworks",
				);
				MARKETING_VERSION = 1.0;
				PRODUCT_BUNDLE_IDENTIFIER = com.satyabrata.Medify;
				PRODUCT_NAME = "$(TARGET_NAME)";
				SWIFT_EMIT_LOC_STRINGS = YES;
				SWIFT_VERSION = 5.0;
				TARGETED_DEVICE_FAMILY = "1,2";
			};
			name = Release;
		};
/* End XCBuildConfiguration section */

/* Begin XCConfigurationList section */
		A3FEC0BD28343670002CC045 /* Build configuration list for PBXProject "Medify" */ = {
			isa = XCConfigurationList;
			buildConfigurations = (
				A3FEC0D428343671002CC045 /* Debug */,
				A3FEC0D528343671002CC045 /* Release */,
			);
			defaultConfigurationIsVisible = 0;
			defaultConfigurationName = Release;
		};
		A3FEC0D628343671002CC045 /* Build configuration list for PBXNativeTarget "Medify" */ = {
			isa = XCConfigurationList;
			buildConfigurations = (
				A3FEC0D728343671002CC045 /* Debug */,
				A3FEC0D828343671002CC045 /* Release */,
			);
			defaultConfigurationIsVisible = 0;
			defaultConfigurationName = Release;
		};
/* End XCConfigurationList section */
	};
	rootObject = A3FEC0BA28343670002CC045 /* Project object */;
}
